
Microsoft Visual Studio Solution File, Format Version 12.00
# Visual Studio 15
VisualStudioVersion = 15.0.27703.2042
MinimumVisualStudioVersion = 10.0.40219.1
Project("{FAE04EC0-301F-11D3-BF4B-00C04F79EFBC}") = "Pong", "Pong\Pong.csproj", "{485A09E9-9165-4B02-B46A-08D9EBE5821F}"
EndProject
Global
	GlobalSection(SolutionConfigurationPlatforms) = preSolution
		Debug|Any CPU = Debug|Any CPU
		Release|Any CPU = Release|Any CPU
	EndGlobalSection
	GlobalSection(ProjectConfigurationPlatforms) = postSolution
		{485A09E9-9165-4B02-B46A-08D9EBE5821F}.Debug|Any CPU.ActiveCfg = Debug|Any CPU
		{485A09E9-9165-4B02-B46A-08D9EBE5821F}.Debug|Any CPU.Build.0 = Debug|Any CPU
		{485A09E9-9165-4B02-B46A-08D9EBE5821F}.Release|Any CPU.ActiveCfg = Release|Any CPU
		{485A09E9-9165-4B02-B46A-08D9EBE5821F}.Release|Any CPU.Build.0 = Release|Any CPU
	EndGlobalSection
	GlobalSection(SolutionProperties) = preSolution
		HideSolutionNode = FALSE
	EndGlobalSection
	GlobalSection(ExtensibilityGlobals) = postSolution
		SolutionGuid = {1FAE541C-BBA2-48F2-999C-0AA933615B55}
	EndGlobalSection
EndGlobal
